{
  "name": "backend",
  "lockfileVersion": 2,
  "requires": true,
  "packages": {
    "": {
      "dependencies": {
        "urlshort-frontend": "file:../frontend"
      }
    },
    "../frontend": {
      "version": "0.1.0",
      "dependencies": {
        "axios": "^1.5.0",
        "react": "^19.0.0",
        "react-dom": "^19.0.0"
      },
      "devDependencies": {
        "@types/react": "^19.0.0",
        "@types/react-dom": "^19.0.0",
        "@vitejs/plugin-react": "^4.3.0",
        "typescript": "^5.5.0",
        "vite": "^8.0.16"
      }
    },
    "node_modules/urlshort-frontend": {
      "resolved": "../frontend",
      "link": true
    }
  },
  "dependencies": {
    "urlshort-frontend": {
      "version": "file:../frontend",
      "requires": {
        "@types/react": "^19.0.0",
        "@types/react-dom": "^19.0.0",
        "@vitejs/plugin-react": "^4.3.0",
        "axios": "^1.5.0",
        "react": "^19.0.0",
        "react-dom": "^19.0.0",
        "typescript": "^5.5.0",
        "vite": "^8.0.16"
      }
    }
  }
}
